
Microsoft Visual Studio Solution File, Format Version 12.00
# Visual Studio 14
VisualStudioVersion = 14.0.25420.1
MinimumVisualStudioVersion = 10.0.40219.1
Project("{2150E333-8FDC-42A3-9474-1A3956D46DE8}") = "src", "src", "{D96AE0E4-E0BC-4D33-ABE5-C04A89B92AAD}"
EndProject
Project("{2150E333-8FDC-42A3-9474-1A3956D46DE8}") = "Solution Items", "Solution Items", "{9090407A-3327-422F-8652-5443B51864A0}"
	ProjectSection(SolutionItems) = preProject
		global.json = global.json
	EndProjectSection
EndProject
Project("{8BB2217D-0F2D-49D1-97BC-3654ED321F3B}") = "Dnc.ApiModel", "src\Dnc.ApiModel\Dnc.ApiModel.xproj", "{5235DA34-A0EF-4FAC-89D6-D9F06500DFE8}"
EndProject
Project("{2150E333-8FDC-42A3-9474-1A3956D46DE8}") = "0.4.Api视图模型", "0.4.Api视图模型", "{34AB6ECA-16D6-4B5D-B096-C31C1995DB40}"
EndProject
Project("{8BB2217D-0F2D-49D1-97BC-3654ED321F3B}") = "Dnc.DataAccessRepository", "src\Dnc.DataAccessRepository\Dnc.DataAccessRepository.xproj", "{4DE53AE4-6C74-4C6C-9044-6ABC32E9E9FC}"
EndProject
Project("{8BB2217D-0F2D-49D1-97BC-3654ED321F3B}") = "Dnc.Entities", "src\Dnc.Entities\Dnc.Entities.xproj", "{831B29F5-F823-44AB-B2B7-D28411DBEA0B}"
EndProject
Project("{2150E333-8FDC-42A3-9474-1A3956D46DE8}") = "01.实体模型", "01.实体模型", "{BAFB547E-6057-433F-B9B5-384986DCCBBA}"
EndProject
Project("{2150E333-8FDC-42A3-9474-1A3956D46DE8}") = "02.数据访问处理", "02.数据访问处理", "{C26A9889-57C2-4719-89AC-A60499A97BE7}"
EndProject
Project("{2150E333-8FDC-42A3-9474-1A3956D46DE8}") = "04.API模型", "04.API模型", "{1B688F6D-877D-4CB0-BBA6-255D7276D2B4}"
EndProject
Project("{2150E333-8FDC-42A3-9474-1A3956D46DE8}") = "06.前端Api服务", "06.前端Api服务", "{6AB5373A-4BA2-4992-9625-52E078C77CB2}"
EndProject
Project("{8BB2217D-0F2D-49D1-97BC-3654ED321F3B}") = "Dnc.Services", "src\Dnc.Services\Dnc.Services.xproj", "{8CBC2107-FD32-4BEC-96B3-9D23C8EB1A58}"
EndProject
Global
	GlobalSection(SolutionConfigurationPlatforms) = preSolution
		Debug|Any CPU = Debug|Any CPU
		Release|Any CPU = Release|Any CPU
	EndGlobalSection
	GlobalSection(ProjectConfigurationPlatforms) = postSolution
		{5235DA34-A0EF-4FAC-89D6-D9F06500DFE8}.Debug|Any CPU.ActiveCfg = Debug|Any CPU
		{5235DA34-A0EF-4FAC-89D6-D9F06500DFE8}.Debug|Any CPU.Build.0 = Debug|Any CPU
		{5235DA34-A0EF-4FAC-89D6-D9F06500DFE8}.Release|Any CPU.ActiveCfg = Release|Any CPU
		{5235DA34-A0EF-4FAC-89D6-D9F06500DFE8}.Release|Any CPU.Build.0 = Release|Any CPU
		{4DE53AE4-6C74-4C6C-9044-6ABC32E9E9FC}.Debug|Any CPU.ActiveCfg = Debug|Any CPU
		{4DE53AE4-6C74-4C6C-9044-6ABC32E9E9FC}.Debug|Any CPU.Build.0 = Debug|Any CPU
		{4DE53AE4-6C74-4C6C-9044-6ABC32E9E9FC}.Release|Any CPU.ActiveCfg = Release|Any CPU
		{4DE53AE4-6C74-4C6C-9044-6ABC32E9E9FC}.Release|Any CPU.Build.0 = Release|Any CPU
		{831B29F5-F823-44AB-B2B7-D28411DBEA0B}.Debug|Any CPU.ActiveCfg = Debug|Any CPU
		{831B29F5-F823-44AB-B2B7-D28411DBEA0B}.Debug|Any CPU.Build.0 = Debug|Any CPU
		{831B29F5-F823-44AB-B2B7-D28411DBEA0B}.Release|Any CPU.ActiveCfg = Release|Any CPU
		{831B29F5-F823-44AB-B2B7-D28411DBEA0B}.Release|Any CPU.Build.0 = Release|Any CPU
		{8CBC2107-FD32-4BEC-96B3-9D23C8EB1A58}.Debug|Any CPU.ActiveCfg = Debug|Any CPU
		{8CBC2107-FD32-4BEC-96B3-9D23C8EB1A58}.Debug|Any CPU.Build.0 = Debug|Any CPU
		{8CBC2107-FD32-4BEC-96B3-9D23C8EB1A58}.Release|Any CPU.ActiveCfg = Release|Any CPU
		{8CBC2107-FD32-4BEC-96B3-9D23C8EB1A58}.Release|Any CPU.Build.0 = Release|Any CPU
	EndGlobalSection
	GlobalSection(SolutionProperties) = preSolution
		HideSolutionNode = FALSE
	EndGlobalSection
	GlobalSection(NestedProjects) = preSolution
		{5235DA34-A0EF-4FAC-89D6-D9F06500DFE8} = {1B688F6D-877D-4CB0-BBA6-255D7276D2B4}
		{34AB6ECA-16D6-4B5D-B096-C31C1995DB40} = {D96AE0E4-E0BC-4D33-ABE5-C04A89B92AAD}
		{4DE53AE4-6C74-4C6C-9044-6ABC32E9E9FC} = {C26A9889-57C2-4719-89AC-A60499A97BE7}
		{831B29F5-F823-44AB-B2B7-D28411DBEA0B} = {BAFB547E-6057-433F-B9B5-384986DCCBBA}
		{BAFB547E-6057-433F-B9B5-384986DCCBBA} = {D96AE0E4-E0BC-4D33-ABE5-C04A89B92AAD}
		{C26A9889-57C2-4719-89AC-A60499A97BE7} = {D96AE0E4-E0BC-4D33-ABE5-C04A89B92AAD}
		{1B688F6D-877D-4CB0-BBA6-255D7276D2B4} = {D96AE0E4-E0BC-4D33-ABE5-C04A89B92AAD}
		{6AB5373A-4BA2-4992-9625-52E078C77CB2} = {D96AE0E4-E0BC-4D33-ABE5-C04A89B92AAD}
		{8CBC2107-FD32-4BEC-96B3-9D23C8EB1A58} = {6AB5373A-4BA2-4992-9625-52E078C77CB2}
	EndGlobalSection
EndGlobal
